# This file is generated by running "yarn install" inside your project.
# Manual changes might be lost - proceed with caution!

__metadata:
  version: 6
  cacheKey: 8

"@modelcontextprotocol/sdk@npm:^0.5.0":
  version: 0.5.0
  resolution: "@modelcontextprotocol/sdk@npm:0.5.0"
  checksum: placeholder
  languageName: node
  linkType: hard

"@types/node@npm:^20.0.0":
  version: 20.11.0
  resolution: "@types/node@npm:20.11.0"
  checksum: placeholder
  languageName: node
  linkType: hard

"tsx@npm:^4.0.0":
  version: 4.7.0
  resolution: "tsx@npm:4.7.0"
  checksum: placeholder
  languageName: node
  linkType: hard

"typescript@npm:^5.0.0":
  version: 5.3.3
  resolution: "typescript@npm:5.3.3"
  checksum: placeholder
  languageName: node
  linkType: hard

"mcp-nodejs-container@workspace:.":
  version: 0.0.0-use.local
  resolution: "mcp-nodejs-container@workspace:."
  dependencies:
    "@modelcontextprotocol/sdk": ^0.5.0
  devDependencies:
    "@types/node": ^20.0.0
    tsx: ^4.0.0
    typescript: ^5.0.0
  peerDependencies:
    typescript: ">=4.5.0"
  peerDependenciesMeta:
    typescript:
      optional: true
  languageName: unknown
  linkType: soft